
Microsoft Visual Studio Solution File, Format Version 12.00
# Visual Studio Version 16
VisualStudioVersion = 16.0.30011.22
MinimumVisualStudioVersion = 10.0.40219.1
Project("{FAE04EC0-301F-11D3-BF4B-00C04F79EFBC}") = "MenuSelector", "MenuSelector\MenuSelector.csproj", "{1709A45E-D52E-4218-8A68-257A608AA537}"
EndProject
Global
	GlobalSection(SolutionConfigurationPlatforms) = preSolution
		Debug|Any CPU = Debug|Any CPU
		Release|Any CPU = Release|Any CPU
	EndGlobalSection
	GlobalSection(ProjectConfigurationPlatforms) = postSolution
		{1709A45E-D52E-4218-8A68-257A608AA537}.Debug|Any CPU.ActiveCfg = Debug|Any CPU
		{1709A45E-D52E-4218-8A68-257A608AA537}.Debug|Any CPU.Build.0 = Debug|Any CPU
		{1709A45E-D52E-4218-8A68-257A608AA537}.Release|Any CPU.ActiveCfg = Release|Any CPU
		{1709A45E-D52E-4218-8A68-257A608AA537}.Release|Any CPU.Build.0 = Release|Any CPU
	EndGlobalSection
	GlobalSection(SolutionProperties) = preSolution
		HideSolutionNode = FALSE
	EndGlobalSection
	GlobalSection(ExtensibilityGlobals) = postSolution
		SolutionGuid = {E3668485-0A20-4E31-8ED4-73198AAED3AF}
	EndGlobalSection
EndGlobal
